
Microsoft Visual Studio Solution File, Format Version 12.00
# Visual Studio 15
VisualStudioVersion = 15.0.27130.2024
MinimumVisualStudioVersion = 10.0.40219.1
Project("{FAE04EC0-301F-11D3-BF4B-00C04F79EFBC}") = "LambdaForums", "LambdaForums\LambdaForums.csproj", "{86528276-36DB-414D-898E-D036AAC6A503}"
EndProject
Project("{FAE04EC0-301F-11D3-BF4B-00C04F79EFBC}") = "LambdaForums.Data", "LambdaForums.Data\LambdaForums.Data.csproj", "{8BC2A7BF-3BE7-474A-A17F-4E6316E87C97}"
EndProject
Project("{FAE04EC0-301F-11D3-BF4B-00C04F79EFBC}") = "LambdaForums.Service", "LambdaForums.Service\LambdaForums.Service.csproj", "{EB52C9C1-2DA5-47BC-9D16-0C9FC3AF991F}"
EndProject
Global
	GlobalSection(SolutionConfigurationPlatforms) = preSolution
		Debug|Any CPU = Debug|Any CPU
		Release|Any CPU = Release|Any CPU
	EndGlobalSection
	GlobalSection(ProjectConfigurationPlatforms) = postSolution
		{86528276-36DB-414D-898E-D036AAC6A503}.Debug|Any CPU.ActiveCfg = Debug|Any CPU
		{86528276-36DB-414D-898E-D036AAC6A503}.Debug|Any CPU.Build.0 = Debug|Any CPU
		{86528276-36DB-414D-898E-D036AAC6A503}.Release|Any CPU.ActiveCfg = Release|Any CPU
		{86528276-36DB-414D-898E-D036AAC6A503}.Release|Any CPU.Build.0 = Release|Any CPU
		{8BC2A7BF-3BE7-474A-A17F-4E6316E87C97}.Debug|Any CPU.ActiveCfg = Debug|Any CPU
		{8BC2A7BF-3BE7-474A-A17F-4E6316E87C97}.Debug|Any CPU.Build.0 = Debug|Any CPU
		{8BC2A7BF-3BE7-474A-A17F-4E6316E87C97}.Release|Any CPU.ActiveCfg = Release|Any CPU
		{8BC2A7BF-3BE7-474A-A17F-4E6316E87C97}.Release|Any CPU.Build.0 = Release|Any CPU
		{EB52C9C1-2DA5-47BC-9D16-0C9FC3AF991F}.Debug|Any CPU.ActiveCfg = Debug|Any CPU
		{EB52C9C1-2DA5-47BC-9D16-0C9FC3AF991F}.Debug|Any CPU.Build.0 = Debug|Any CPU
		{EB52C9C1-2DA5-47BC-9D16-0C9FC3AF991F}.Release|Any CPU.ActiveCfg = Release|Any CPU
		{EB52C9C1-2DA5-47BC-9D16-0C9FC3AF991F}.Release|Any CPU.Build.0 = Release|Any CPU
	EndGlobalSection
	GlobalSection(SolutionProperties) = preSolution
		HideSolutionNode = FALSE
	EndGlobalSection
	GlobalSection(ExtensibilityGlobals) = postSolution
		SolutionGuid = {D3CB36DF-70AB-469A-8EE6-96407D7D4DC4}
	EndGlobalSection
EndGlobal
